
Microsoft Visual Studio Solution File, Format Version 12.00
# Visual Studio 15
VisualStudioVersion = 15.0.28010.2041
MinimumVisualStudioVersion = 10.0.40219.1
Project("{FAE04EC0-301F-11D3-BF4B-00C04F79EFBC}") = "BLL", "BLL\BLL.csproj", "{81C2AF8C-F538-4AE7-A2C0-5D58AE2234E0}"
EndProject
Project("{FAE04EC0-301F-11D3-BF4B-00C04F79EFBC}") = "DAL", "DAL\DAL.csproj", "{8D278E29-ED27-402D-8477-D0271844115C}"
EndProject
Project("{FAE04EC0-301F-11D3-BF4B-00C04F79EFBC}") = "DTO", "DTO\DTO.csproj", "{2138CC20-0405-460C-B61F-BC046EDED19E}"
EndProject
Project("{FAE04EC0-301F-11D3-BF4B-00C04F79EFBC}") = "WebApi", "WebApi\WebApi.csproj", "{0F2B70B6-E077-4BFC-9E0B-455793D65280}"
EndProject
Global
	GlobalSection(SolutionConfigurationPlatforms) = preSolution
		Debug|Any CPU = Debug|Any CPU
		Release|Any CPU = Release|Any CPU
	EndGlobalSection
	GlobalSection(ProjectConfigurationPlatforms) = postSolution
		{81C2AF8C-F538-4AE7-A2C0-5D58AE2234E0}.Debug|Any CPU.ActiveCfg = Debug|Any CPU
		{81C2AF8C-F538-4AE7-A2C0-5D58AE2234E0}.Debug|Any CPU.Build.0 = Debug|Any CPU
		{81C2AF8C-F538-4AE7-A2C0-5D58AE2234E0}.Release|Any CPU.ActiveCfg = Release|Any CPU
		{81C2AF8C-F538-4AE7-A2C0-5D58AE2234E0}.Release|Any CPU.Build.0 = Release|Any CPU
		{8D278E29-ED27-402D-8477-D0271844115C}.Debug|Any CPU.ActiveCfg = Debug|Any CPU
		{8D278E29-ED27-402D-8477-D0271844115C}.Debug|Any CPU.Build.0 = Debug|Any CPU
		{8D278E29-ED27-402D-8477-D0271844115C}.Release|Any CPU.ActiveCfg = Release|Any CPU
		{8D278E29-ED27-402D-8477-D0271844115C}.Release|Any CPU.Build.0 = Release|Any CPU
		{2138CC20-0405-460C-B61F-BC046EDED19E}.Debug|Any CPU.ActiveCfg = Debug|Any CPU
		{2138CC20-0405-460C-B61F-BC046EDED19E}.Debug|Any CPU.Build.0 = Debug|Any CPU
		{2138CC20-0405-460C-B61F-BC046EDED19E}.Release|Any CPU.ActiveCfg = Release|Any CPU
		{2138CC20-0405-460C-B61F-BC046EDED19E}.Release|Any CPU.Build.0 = Release|Any CPU
		{0F2B70B6-E077-4BFC-9E0B-455793D65280}.Debug|Any CPU.ActiveCfg = Debug|Any CPU
		{0F2B70B6-E077-4BFC-9E0B-455793D65280}.Debug|Any CPU.Build.0 = Debug|Any CPU
		{0F2B70B6-E077-4BFC-9E0B-455793D65280}.Release|Any CPU.ActiveCfg = Release|Any CPU
		{0F2B70B6-E077-4BFC-9E0B-455793D65280}.Release|Any CPU.Build.0 = Release|Any CPU
	EndGlobalSection
	GlobalSection(SolutionProperties) = preSolution
		HideSolutionNode = FALSE
	EndGlobalSection
	GlobalSection(ExtensibilityGlobals) = postSolution
		SolutionGuid = {B5D8B954-774C-4A1C-B2F2-6587705A6BAA}
	EndGlobalSection
EndGlobal
